{
  "name": "worker-lightning-fs",
  "version": "0.1.0",
  "lockfileVersion": 2,
  "requires": true,
  "packages": {
    "": {
      "name": "worker-lightning-fs",
      "version": "0.1.0",
      "license": "ISC",
      "dependencies": {
        "@isomorphic-git/lightning-fs": "^4.6.0",
        "ts-pattern": "^4.0.6",
        "variant-ts": "^0.0.13"
      },
      "devDependencies": {
        "typescript": "^4.9.3"
      }
    },
    "node_modules/@isomorphic-git/idb-keyval": {
      "version": "3.3.2",
      "resolved": "https://registry.npmjs.org/@isomorphic-git/idb-keyval/-/idb-keyval-3.3.2.tgz",
      "integrity": "sha512-r8/AdpiS0/WJCNR/t/gsgL+M8NMVj/ek7s60uz3LmpCaTF2mEVlZJlB01ZzalgYzRLXwSPC92o+pdzjM7PN/pA=="
    },
    "node_modules/@isomorphic-git/lightning-fs": {
      "version": "4.6.0",
      "resolved": "https://registry.npmjs.org/@isomorphic-git/lightning-fs/-/lightning-fs-4.6.0.tgz",
      "integrity": "sha512-tfon8f1h6LawjFI/d8lZPWRPTxmdvyTMbkT/j5yo6dB0hALhKw5D9JsdCcUu/D1pAcMMiU7GZFDsDGqylerr7g==",
      "dependencies": {
        "@isomorphic-git/idb-keyval": "3.3.2",
        "isomorphic-textencoder": "1.0.1",
        "just-debounce-it": "1.1.0",
        "just-once": "1.1.0"
      },
      "bin": {
        "superblocktxt": "src/superblocktxt.js"
      }
    },
    "node_modules/fast-text-encoding": {
      "version": "1.0.6",
      "resolved": "https://registry.npmjs.org/fast-text-encoding/-/fast-text-encoding-1.0.6.tgz",
      "integrity": "sha512-VhXlQgj9ioXCqGstD37E/HBeqEGV/qOD/kmbVG8h5xKBYvM1L3lR1Zn4555cQ8GkYbJa8aJSipLPndE1k6zK2w=="
    },
    "node_modules/isomorphic-textencoder": {
      "version": "1.0.1",
      "resolved": "https://registry.npmjs.org/isomorphic-textencoder/-/isomorphic-textencoder-1.0.1.tgz",
      "integrity": "sha512-676hESgHullDdHDsj469hr+7t3i/neBKU9J7q1T4RHaWwLAsaQnywC0D1dIUId0YZ+JtVrShzuBk1soo0+GVcQ==",
      "dependencies": {
        "fast-text-encoding": "^1.0.0"
      }
    },
    "node_modules/just-debounce-it": {
      "version": "1.1.0",
      "resolved": "https://registry.npmjs.org/just-debounce-it/-/just-debounce-it-1.1.0.tgz",
      "integrity": "sha512-87Nnc0qZKgBZuhFZjYVjSraic0x7zwjhaTMrCKlj0QYKH6lh0KbFzVnfu6LHan03NO7J8ygjeBeD0epejn5Zcg=="
    },
    "node_modules/just-once": {
      "version": "1.1.0",
      "resolved": "https://registry.npmjs.org/just-once/-/just-once-1.1.0.tgz",
      "integrity": "sha512-+rZVpl+6VyTilK7vB/svlMPil4pxqIJZkbnN7DKZTOzyXfun6ZiFeq2Pk4EtCEHZ0VU4EkdFzG8ZK5F3PErcDw=="
    },
    "node_modules/ts-pattern": {
      "version": "4.0.6",
      "resolved": "https://registry.npmjs.org/ts-pattern/-/ts-pattern-4.0.6.tgz",
      "integrity": "sha512-sFHQYD4KoysBi7e7a2mzDPvRBeqA4w+vEyRE+P5MU9VLq8eEYxgKCgD9RNEAT+itGRWUTYN+hry94GDPLb1/Yw=="
    },
    "node_modules/typescript": {
      "version": "4.9.3",
      "resolved": "https://registry.npmjs.org/typescript/-/typescript-4.9.3.tgz",
      "integrity": "sha512-CIfGzTelbKNEnLpLdGFgdyKhG23CKdKgQPOBc+OUNrkJ2vr+KSzsSV5kq5iWhEQbok+quxgGzrAtGWCyU7tHnA==",
      "dev": true,
      "bin": {
        "tsc": "bin/tsc",
        "tsserver": "bin/tsserver"
      },
      "engines": {
        "node": ">=4.2.0"
      }
    },
    "node_modules/variant-ts": {
      "version": "0.0.13",
      "resolved": "https://registry.npmjs.org/variant-ts/-/variant-ts-0.0.13.tgz",
      "integrity": "sha512-woQb0Ma6nOAecRUGk70UXRtJnZxPUUFY6qM7QuR2oRdRCwsLtNz9Yyh/L8i5PJ8MJPexZWOGcv9s5C55IKXnVw==",
      "dependencies": {
        "ts-pattern": "^4.0.5"
      }
    }
  },
  "dependencies": {
    "@isomorphic-git/idb-keyval": {
      "version": "3.3.2",
      "resolved": "https://registry.npmjs.org/@isomorphic-git/idb-keyval/-/idb-keyval-3.3.2.tgz",
      "integrity": "sha512-r8/AdpiS0/WJCNR/t/gsgL+M8NMVj/ek7s60uz3LmpCaTF2mEVlZJlB01ZzalgYzRLXwSPC92o+pdzjM7PN/pA=="
    },
    "@isomorphic-git/lightning-fs": {
      "version": "4.6.0",
      "resolved": "https://registry.npmjs.org/@isomorphic-git/lightning-fs/-/lightning-fs-4.6.0.tgz",
      "integrity": "sha512-tfon8f1h6LawjFI/d8lZPWRPTxmdvyTMbkT/j5yo6dB0hALhKw5D9JsdCcUu/D1pAcMMiU7GZFDsDGqylerr7g==",
      "requires": {
        "@isomorphic-git/idb-keyval": "3.3.2",
        "isomorphic-textencoder": "1.0.1",
        "just-debounce-it": "1.1.0",
        "just-once": "1.1.0"
      }
    },
    "fast-text-encoding": {
      "version": "1.0.6",
      "resolved": "https://registry.npmjs.org/fast-text-encoding/-/fast-text-encoding-1.0.6.tgz",
      "integrity": "sha512-VhXlQgj9ioXCqGstD37E/HBeqEGV/qOD/kmbVG8h5xKBYvM1L3lR1Zn4555cQ8GkYbJa8aJSipLPndE1k6zK2w=="
    },
    "isomorphic-textencoder": {
      "version": "1.0.1",
      "resolved": "https://registry.npmjs.org/isomorphic-textencoder/-/isomorphic-textencoder-1.0.1.tgz",
      "integrity": "sha512-676hESgHullDdHDsj469hr+7t3i/neBKU9J7q1T4RHaWwLAsaQnywC0D1dIUId0YZ+JtVrShzuBk1soo0+GVcQ==",
      "requires": {
        "fast-text-encoding": "^1.0.0"
      }
    },
    "just-debounce-it": {
      "version": "1.1.0",
      "resolved": "https://registry.npmjs.org/just-debounce-it/-/just-debounce-it-1.1.0.tgz",
      "integrity": "sha512-87Nnc0qZKgBZuhFZjYVjSraic0x7zwjhaTMrCKlj0QYKH6lh0KbFzVnfu6LHan03NO7J8ygjeBeD0epejn5Zcg=="
    },
    "just-once": {
      "version": "1.1.0",
      "resolved": "https://registry.npmjs.org/just-once/-/just-once-1.1.0.tgz",
      "integrity": "sha512-+rZVpl+6VyTilK7vB/svlMPil4pxqIJZkbnN7DKZTOzyXfun6ZiFeq2Pk4EtCEHZ0VU4EkdFzG8ZK5F3PErcDw=="
    },
    "ts-pattern": {
      "version": "4.0.6",
      "resolved": "https://registry.npmjs.org/ts-pattern/-/ts-pattern-4.0.6.tgz",
      "integrity": "sha512-sFHQYD4KoysBi7e7a2mzDPvRBeqA4w+vEyRE+P5MU9VLq8eEYxgKCgD9RNEAT+itGRWUTYN+hry94GDPLb1/Yw=="
    },
    "typescript": {
      "version": "4.9.3",
      "resolved": "https://registry.npmjs.org/typescript/-/typescript-4.9.3.tgz",
      "integrity": "sha512-CIfGzTelbKNEnLpLdGFgdyKhG23CKdKgQPOBc+OUNrkJ2vr+KSzsSV5kq5iWhEQbok+quxgGzrAtGWCyU7tHnA==",
      "dev": true
    },
    "variant-ts": {
      "version": "0.0.13",
      "resolved": "https://registry.npmjs.org/variant-ts/-/variant-ts-0.0.13.tgz",
      "integrity": "sha512-woQb0Ma6nOAecRUGk70UXRtJnZxPUUFY6qM7QuR2oRdRCwsLtNz9Yyh/L8i5PJ8MJPexZWOGcv9s5C55IKXnVw==",
      "requires": {
        "ts-pattern": "^4.0.5"
      }
    }
  }
}
